PODS:
  - Alamofire (4.9.1)
  - SDWebImage (5.4.2):
    - SDWebImage/Core (= 5.4.2)
  - SDWebImage/Core (5.4.2)
  - SwiftLint (0.38.2)

DEPENDENCIES:
  - Alamofire
  - SDWebImage
  - SwiftLint

SPEC REPOS:
  trunk:
    - Alamofire
    - SDWebImage
    - SwiftLint

SPEC CHECKSUMS:
  Alamofire: 85e8a02c69d6020a0d734f6054870d7ecb75cf18
  SDWebImage: 4ca2dc4eefae4224bea8f504251cda485a363745
  SwiftLint: 8f5d2f903e1c9bcbc832fd16771e80a263ac6cbb

PODFILE CHECKSUM: 6a02b83c0155d91d44cf4bfa1a9a333a0f857318

COCOAPODS: 1.8.0
